
Microsoft Visual Studio Solution File, Format Version 12.00
# Visual Studio 15
VisualStudioVersion = 15.0.28010.2016
MinimumVisualStudioVersion = 10.0.40219.1
Project("{FAE04EC0-301F-11D3-BF4B-00C04F79EFBC}") = "StackQueueDict2", "StackQueueDict2\StackQueueDict2.csproj", "{6833E3D2-4670-4A28-8E72-4B38F24FCCD4}"
EndProject
Global
	GlobalSection(SolutionConfigurationPlatforms) = preSolution
		Debug|Any CPU = Debug|Any CPU
		Release|Any CPU = Release|Any CPU
	EndGlobalSection
	GlobalSection(ProjectConfigurationPlatforms) = postSolution
		{6833E3D2-4670-4A28-8E72-4B38F24FCCD4}.Debug|Any CPU.ActiveCfg = Debug|Any CPU
		{6833E3D2-4670-4A28-8E72-4B38F24FCCD4}.Debug|Any CPU.Build.0 = Debug|Any CPU
		{6833E3D2-4670-4A28-8E72-4B38F24FCCD4}.Release|Any CPU.ActiveCfg = Release|Any CPU
		{6833E3D2-4670-4A28-8E72-4B38F24FCCD4}.Release|Any CPU.Build.0 = Release|Any CPU
	EndGlobalSection
	GlobalSection(SolutionProperties) = preSolution
		HideSolutionNode = FALSE
	EndGlobalSection
	GlobalSection(ExtensibilityGlobals) = postSolution
		SolutionGuid = {F3EF6602-351F-4F09-9AD6-45FB541933C3}
	EndGlobalSection
EndGlobal
